// !$*UTF8*$!
{
	archiveVersion = 1;
	classes = {
	};
	objectVersion = 46;
	objects = {

/* Begin PBXBuildFile section */
		5BBEA1FF1BE3415C005FDFC9 /* main.m in Sources */ = {isa = PBXBuildFile; fileRef = 5BBEA1FE1BE3415C005FDFC9 /* main.m */; };
		5BBEA2021BE3415C005FDFC9 /* AppDelegate.m in Sources */ = {isa = PBXBuildFile; fileRef = 5BBEA2011BE3415C005FDFC9 /* AppDelegate.m */; };
		5BBEA2051BE3415C005FDFC9 /* ViewController.m in Sources */ = {isa = PBXBuildFile; fileRef = 5BBEA2041BE3415C005FDFC9 /* ViewController.m */; };
		5BBEA2081BE3415C005FDFC9 /* Main.storyboard in Resources */ = {isa = PBXBuildFile; fileRef = 5BBEA2061BE3415C005FDFC9 /* Main.storyboard */; };
		5BBEA20A1BE3415C005FDFC9 /* Assets.xcassets in Resources */ = {isa = PBXBuildFile; fileRef = 5BBEA2091BE3415C005FDFC9 /* Assets.xcassets */; };
		5BBEA20D1BE3415C005FDFC9 /* LaunchScreen.storyboard in Resources */ = {isa = PBXBuildFile; fileRef = 5BBEA20B1BE3415C005FDFC9 /* LaunchScreen.storyboard */; };
		5BBEA2181BE3415C005FDFC9 /* SpreadTests.m in Sources */ = {isa = PBXBuildFile; fileRef = 5BBEA2171BE3415C005FDFC9 /* SpreadTests.m */; };
		5BBEA2231BE3415C005FDFC9 /* SpreadUITests.m in Sources */ = {isa = PBXBuildFile; fileRef = 5BBEA2221BE3415C005FDFC9 /* SpreadUITests.m */; };
		5BBEA2331BE341B0005FDFC9 /* DetailView.m in Sources */ = {isa = PBXBuildFile; fileRef = 5BBEA2321BE341B0005FDFC9 /* DetailView.m */; settings = {ASSET_TAGS = (); }; };
		5BBEA2361BE347E5005FDFC9 /* MainView.m in Sources */ = {isa = PBXBuildFile; fileRef = 5BBEA2351BE347E5005FDFC9 /* MainView.m */; settings = {ASSET_TAGS = (); }; };
		5BD336A41BE71D26007B5BF4 /* SpreadScrollView.m in Sources */ = {isa = PBXBuildFile; fileRef = 5BD336A31BE71D26007B5BF4 /* SpreadScrollView.m */; settings = {ASSET_TAGS = (); }; };
/* End PBXBuildFile section */

/* Begin PBXContainerItemProxy section */
		5BBEA2141BE3415C005FDFC9 /* PBXContainerItemProxy */ = {
			isa = PBXContainerItemProxy;
			containerPortal = 5BBEA1F21BE3415C005FDFC9 /* Project object */;
			proxyType = 1;
			remoteGlobalIDString = 5BBEA1F91BE3415C005FDFC9;
			remoteInfo = Spread;
		};
		5BBEA21F1BE3415C005FDFC9 /* PBXContainerItemProxy */ = {
			isa = PBXContainerItemProxy;
			containerPortal = 5BBEA1F21BE3415C005FDFC9 /* Project object */;
			proxyType = 1;
			remoteGlobalIDString = 5BBEA1F91BE3415C005FDFC9;
			remoteInfo = Spread;
		};
/* End PBXContainerItemProxy section */

/* Begin PBXFileReference section */
		5BBEA1FA1BE3415C005FDFC9 /* Spread.app */ = {isa = PBXFileReference; explicitFileType = wrapper.application; includeInIndex = 0; path = Spread.app; sourceTree = BUILT_PRODUCTS_DIR; };
		5BBEA1FE1BE3415C005FDFC9 /* main.m */ = {isa = PBXFileReference; lastKnownFileType = sourcecode.c.objc; path = main.m; sourceTree = "<group>"; };
		5BBEA2001BE3415C005FDFC9 /* AppDelegate.h */ = {isa = PBXFileReference; lastKnownFileType = sourcecode.c.h; path = AppDelegate.h; sourceTree = "<group>"; };
		5BBEA2011BE3415C005FDFC9 /* AppDelegate.m */ = {isa = PBXFileReference; lastKnownFileType = sourcecode.c.objc; path = AppDelegate.m; sourceTree = "<group>"; };
		5BBEA2031BE3415C005FDFC9 /* ViewController.h */ = {isa = PBXFileReference; lastKnownFileType = sourcecode.c.h; path = ViewController.h; sourceTree = "<group>"; };
		5BBEA2041BE3415C005FDFC9 /* ViewController.m */ = {isa = PBXFileReference; lastKnownFileType = sourcecode.c.objc; path = ViewController.m; sourceTree = "<group>"; };
		5BBEA2071BE3415C005FDFC9 /* Base */ = {isa = PBXFileReference; lastKnownFileType = file.storyboard; name = Base; path = Base.lproj/Main.storyboard; sourceTree = "<group>"; };
		5BBEA2091BE3415C005FDFC9 /* Assets.xcassets */ = {isa = PBXFileReference; lastKnownFileType = folder.assetcatalog; path = Assets.xcassets; sourceTree = "<group>"; };
		5BBEA20C1BE3415C005FDFC9 /* Base */ = {isa = PBXFileReference; lastKnownFileType = file.storyboard; name = Base; path = Base.lproj/LaunchScreen.storyboard; sourceTree = "<group>"; };
		5BBEA20E1BE3415C005FDFC9 /* Info.plist */ = {isa = PBXFileReference; lastKnownFileType = text.plist.xml; path = Info.plist; sourceTree = "<group>"; };
		5BBEA2131BE3415C005FDFC9 /* SpreadTests.xctest */ = {isa = PBXFileReference; explicitFileType = wrapper.cfbundle; includeInIndex = 0; path = SpreadTests.xctest; sourceTree = BUILT_PRODUCTS_DIR; };
		5BBEA2171BE3415C005FDFC9 /* SpreadTests.m */ = {isa = PBXFileReference; lastKnownFileType = sourcecode.c.objc; path = SpreadTests.m; sourceTree = "<group>"; };
		5BBEA2191BE3415C005FDFC9 /* Info.plist */ = {isa = PBXFileReference; lastKnownFileType = text.plist.xml; path = Info.plist; sourceTree = "<group>"; };
		5BBEA21E1BE3415C005FDFC9 /* SpreadUITests.xctest */ = {isa = PBXFileReference; explicitFileType = wrapper.cfbundle; includeInIndex = 0; path = SpreadUITests.xctest; sourceTree = BUILT_PRODUCTS_DIR; };
		5BBEA2221BE3415C005FDFC9 /* SpreadUITests.m */ = {isa = PBXFileReference; lastKnownFileType = sourcecode.c.objc; path = SpreadUITests.m; sourceTree = "<group>"; };
		5BBEA2241BE3415C005FDFC9 /* Info.plist */ = {isa = PBXFileReference; lastKnownFileType = text.plist.xml; path = Info.plist; sourceTree = "<group>"; };
		5BBEA2311BE341B0005FDFC9 /* DetailView.h */ = {isa = PBXFileReference; fileEncoding = 4; lastKnownFileType = sourcecode.c.h; path = DetailView.h; sourceTree = "<group>"; };
		5BBEA2321BE341B0005FDFC9 /* DetailView.m */ = {isa = PBXFileReference; fileEncoding = 4; lastKnownFileType = sourcecode.c.objc; path = DetailView.m; sourceTree = "<group>"; };
		5BBEA2341BE347E5005FDFC9 /* MainView.h */ = {isa = PBXFileReference; fileEncoding = 4; lastKnownFileType = sourcecode.c.h; path = MainView.h; sourceTree = "<group>"; };
		5BBEA2351BE347E5005FDFC9 /* MainView.m */ = {isa = PBXFileReference; fileEncoding = 4; lastKnownFileType = sourcecode.c.objc; path = MainView.m; sourceTree = "<group>"; };
		5BD336A21BE71D26007B5BF4 /* SpreadScrollView.h */ = {isa = PBXFileReference; fileEncoding = 4; lastKnownFileType = sourcecode.c.h; path = SpreadScrollView.h; sourceTree = "<group>"; };
		5BD336A31BE71D26007B5BF4 /* SpreadScrollView.m */ = {isa = PBXFileReference; fileEncoding = 4; lastKnownFileType = sourcecode.c.objc; path = SpreadScrollView.m; sourceTree = "<group>"; };
/* End PBXFileReference section */

/* Begin PBXFrameworksBuildPhase section */
		5BBEA1F71BE3415C005FDFC9 /* Frameworks */ = {
			isa = PBXFrameworksBuildPhase;
			buildActionMask = 2147483647;
			files = (
			);
			runOnlyForDeploymentPostprocessing = 0;
		};
		5BBEA2101BE3415C005FDFC9 /* Frameworks */ = {
			isa = PBXFrameworksBuildPhase;
			buildActionMask = 2147483647;
			files = (
			);
			runOnlyForDeploymentPostprocessing = 0;
		};
		5BBEA21B1BE3415C005FDFC9 /* Frameworks */ = {
			isa = PBXFrameworksBuildPhase;
			buildActionMask = 2147483647;
			files = (
			);
			runOnlyForDeploymentPostprocessing = 0;
		};
/* End PBXFrameworksBuildPhase section */

/* Begin PBXGroup section */
		5BBEA1F11BE3415C005FDFC9 = {
			isa = PBXGroup;
			children = (
				5BBEA1FC1BE3415C005FDFC9 /* Spread */,
				5BBEA2161BE3415C005FDFC9 /* SpreadTests */,
				5BBEA2211BE3415C005FDFC9 /* SpreadUITests */,
				5BBEA1FB1BE3415C005FDFC9 /* Products */,
			);
			sourceTree = "<group>";
		};
		5BBEA1FB1BE3415C005FDFC9 /* Products */ = {
			isa = PBXGroup;
			children = (
				5BBEA1FA1BE3415C005FDFC9 /* Spread.app */,
				5BBEA2131BE3415C005FDFC9 /* SpreadTests.xctest */,
				5BBEA21E1BE3415C005FDFC9 /* SpreadUITests.xctest */,
			);
			name = Products;
			sourceTree = "<group>";
		};
		5BBEA1FC1BE3415C005FDFC9 /* Spread */ = {
			isa = PBXGroup;
			children = (
				5BBEA2301BE3419F005FDFC9 /* SpreadCollectionView */,
				5BBEA2001BE3415C005FDFC9 /* AppDelegate.h */,
				5BBEA2011BE3415C005FDFC9 /* AppDelegate.m */,
				5BBEA2031BE3415C005FDFC9 /* ViewController.h */,
				5BBEA2041BE3415C005FDFC9 /* ViewController.m */,
				5BBEA2061BE3415C005FDFC9 /* Main.storyboard */,
				5BBEA2091BE3415C005FDFC9 /* Assets.xcassets */,
				5BBEA20B1BE3415C005FDFC9 /* LaunchScreen.storyboard */,
				5BBEA20E1BE3415C005FDFC9 /* Info.plist */,
				5BBEA1FD1BE3415C005FDFC9 /* Supporting Files */,
			);
			path = Spread;
			sourceTree = "<group>";
		};
		5BBEA1FD1BE3415C005FDFC9 /* Supporting Files */ = {
			isa = PBXGroup;
			children = (
				5BBEA1FE1BE3415C005FDFC9 /* main.m */,
			);
			name = "Supporting Files";
			sourceTree = "<group>";
		};
		5BBEA2161BE3415C005FDFC9 /* SpreadTests */ = {
			isa = PBXGroup;
			children = (
				5BBEA2171BE3415C005FDFC9 /* SpreadTests.m */,
				5BBEA2191BE3415C005FDFC9 /* Info.plist */,
			);
			path = SpreadTests;
			sourceTree = "<group>";
		};
		5BBEA2211BE3415C005FDFC9 /* SpreadUITests */ = {
			isa = PBXGroup;
			children = (
				5BBEA2221BE3415C005FDFC9 /* SpreadUITests.m */,
				5BBEA2241BE3415C005FDFC9 /* Info.plist */,
			);
			path = SpreadUITests;
			sourceTree = "<group>";
		};
		5BBEA2301BE3419F005FDFC9 /* SpreadCollectionView */ = {
			isa = PBXGroup;
			children = (
				5BBEA2311BE341B0005FDFC9 /* DetailView.h */,
				5BBEA2321BE341B0005FDFC9 /* DetailView.m */,
				5BBEA2341BE347E5005FDFC9 /* MainView.h */,
				5BBEA2351BE347E5005FDFC9 /* MainView.m */,
				5BD336A21BE71D26007B5BF4 /* SpreadScrollView.h */,
				5BD336A31BE71D26007B5BF4 /* SpreadScrollView.m */,
			);
			path = SpreadCollectionView;
			sourceTree = "<group>";
		};
/* End PBXGroup section */

/* Begin PBXNativeTarget section */
		5BBEA1F91BE3415C005FDFC9 /* Spread */ = {
			isa = PBXNativeTarget;
			buildConfigurationList = 5BBEA2271BE3415C005FDFC9 /* Build configuration list for PBXNativeTarget "Spread" */;
			buildPhases = (
				5BBEA1F61BE3415C005FDFC9 /* Sources */,
				5BBEA1F71BE3415C005FDFC9 /* Frameworks */,
				5BBEA1F81BE3415C005FDFC9 /* Resources */,
			);
			buildRules = (
			);
			dependencies = (
			);
			name = Spread;
			productName = Spread;
			productReference = 5BBEA1FA1BE3415C005FDFC9 /* Spread.app */;
			productType = "com.apple.product-type.application";
		};
		5BBEA2121BE3415C005FDFC9 /* SpreadTests */ = {
			isa = PBXNativeTarget;
			buildConfigurationList = 5BBEA22A1BE3415C005FDFC9 /* Build configuration list for PBXNativeTarget "SpreadTests" */;
			buildPhases = (
				5BBEA20F1BE3415C005FDFC9 /* Sources */,
				5BBEA2101BE3415C005FDFC9 /* Frameworks */,
				5BBEA2111BE3415C005FDFC9 /* Resources */,
			);
			buildRules = (
			);
			dependencies = (
				5BBEA2151BE3415C005FDFC9 /* PBXTargetDependency */,
			);
			name = SpreadTests;
			productName = SpreadTests;
			productReference = 5BBEA2131BE3415C005FDFC9 /* SpreadTests.xctest */;
			productType = "com.apple.product-type.bundle.unit-test";
		};
		5BBEA21D1BE3415C005FDFC9 /* SpreadUITests */ = {
			isa = PBXNativeTarget;
			buildConfigurationList = 5BBEA22D1BE3415C005FDFC9 /* Build configuration list for PBXNativeTarget "SpreadUITests" */;
			buildPhases = (
				5BBEA21A1BE3415C005FDFC9 /* Sources */,
				5BBEA21B1BE3415C005FDFC9 /* Frameworks */,
				5BBEA21C1BE3415C005FDFC9 /* Resources */,
			);
			buildRules = (
			);
			dependencies = (
				5BBEA2201BE3415C005FDFC9 /* PBXTargetDependency */,
			);
			name = SpreadUITests;
			productName = SpreadUITests;
			productReference = 5BBEA21E1BE3415C005FDFC9 /* SpreadUITests.xctest */;
			productType = "com.apple.product-type.bundle.ui-testing";
		};
/* End PBXNativeTarget section */

/* Begin PBXProject section */
		5BBEA1F21BE3415C005FDFC9 /* Project object */ = {
			isa = PBXProject;
			attributes = {
				LastUpgradeCheck = 0700;
				ORGANIZATIONNAME = "City--Online";
				TargetAttributes = {
					5BBEA1F91BE3415C005FDFC9 = {
						CreatedOnToolsVersion = 7.0.1;
					};
					5BBEA2121BE3415C005FDFC9 = {
						CreatedOnToolsVersion = 7.0.1;
						TestTargetID = 5BBEA1F91BE3415C005FDFC9;
					};
					5BBEA21D1BE3415C005FDFC9 = {
						CreatedOnToolsVersion = 7.0.1;
						TestTargetID = 5BBEA1F91BE3415C005FDFC9;
					};
				};
			};
			buildConfigurationList = 5BBEA1F51BE3415C005FDFC9 /* Build configuration list for PBXProject "Spread" */;
			compatibilityVersion = "Xcode 3.2";
			developmentRegion = English;
			hasScannedForEncodings = 0;
			knownRegions = (
				en,
				Base,
			);
			mainGroup = 5BBEA1F11BE3415C005FDFC9;
			productRefGroup = 5BBEA1FB1BE3415C005FDFC9 /* Products */;
			projectDirPath = "";
			projectRoot = "";
			targets = (
				5BBEA1F91BE3415C005FDFC9 /* Spread */,
				5BBEA2121BE3415C005FDFC9 /* SpreadTests */,
				5BBEA21D1BE3415C005FDFC9 /* SpreadUITests */,
			);
		};
/* End PBXProject section */

/* Begin PBXResourcesBuildPhase section */
		5BBEA1F81BE3415C005FDFC9 /* Resources */ = {
			isa = PBXResourcesBuildPhase;
			buildActionMask = 2147483647;
			files = (
				5BBEA20D1BE3415C005FDFC9 /* LaunchScreen.storyboard in Resources */,
				5BBEA20A1BE3415C005FDFC9 /* Assets.xcassets in Resources */,
				5BBEA2081BE3415C005FDFC9 /* Main.storyboard in Resources */,
			);
			runOnlyForDeploymentPostprocessing = 0;
		};
		5BBEA2111BE3415C005FDFC9 /* Resources */ = {
			isa = PBXResourcesBuildPhase;
			buildActionMask = 2147483647;
			files = (
			);
			runOnlyForDeploymentPostprocessing = 0;
		};
		5BBEA21C1BE3415C005FDFC9 /* Resources */ = {
			isa = PBXResourcesBuildPhase;
			buildActionMask = 2147483647;
			files = (
			);
			runOnlyForDeploymentPostprocessing = 0;
		};
/* End PBXResourcesBuildPhase section */

/* Begin PBXSourcesBuildPhase section */
		5BBEA1F61BE3415C005FDFC9 /* Sources */ = {
			isa = PBXSourcesBuildPhase;
			buildActionMask = 2147483647;
			files = (
				5BBEA2361BE347E5005FDFC9 /* MainView.m in Sources */,
				5BBEA2051BE3415C005FDFC9 /* ViewController.m in Sources */,
				5BD336A41BE71D26007B5BF4 /* SpreadScrollView.m in Sources */,
				5BBEA2331BE341B0005FDFC9 /* DetailView.m in Sources */,
				5BBEA2021BE3415C005FDFC9 /* AppDelegate.m in Sources */,
				5BBEA1FF1BE3415C005FDFC9 /* main.m in Sources */,
			);
			runOnlyForDeploymentPostprocessing = 0;
		};
		5BBEA20F1BE3415C005FDFC9 /* Sources */ = {
			isa = PBXSourcesBuildPhase;
			buildActionMask = 2147483647;
			files = (
				5BBEA2181BE3415C005FDFC9 /* SpreadTests.m in Sources */,
			);
			runOnlyForDeploymentPostprocessing = 0;
		};
		5BBEA21A1BE3415C005FDFC9 /* Sources */ = {
			isa = PBXSourcesBuildPhase;
			buildActionMask = 2147483647;
			files = (
				5BBEA2231BE3415C005FDFC9 /* SpreadUITests.m in Sources */,
			);
			runOnlyForDeploymentPostprocessing = 0;
		};
/* End PBXSourcesBuildPhase section */

/* Begin PBXTargetDependency section */
		5BBEA2151BE3415C005FDFC9 /* PBXTargetDependency */ = {
			isa = PBXTargetDependency;
			target = 5BBEA1F91BE3415C005FDFC9 /* Spread */;
			targetProxy = 5BBEA2141BE3415C005FDFC9 /* PBXContainerItemProxy */;
		};
		5BBEA2201BE3415C005FDFC9 /* PBXTargetDependency */ = {
			isa = PBXTargetDependency;
			target = 5BBEA1F91BE3415C005FDFC9 /* Spread */;
			targetProxy = 5BBEA21F1BE3415C005FDFC9 /* PBXContainerItemProxy */;
		};
/* End PBXTargetDependency section */

/* Begin PBXVariantGroup section */
		5BBEA2061BE3415C005FDFC9 /* Main.storyboard */ = {
			isa = PBXVariantGroup;
			children = (
				5BBEA2071BE3415C005FDFC9 /* Base */,
			);
			name = Main.storyboard;
			sourceTree = "<group>";
		};
		5BBEA20B1BE3415C005FDFC9 /* LaunchScreen.storyboard */ = {
			isa = PBXVariantGroup;
			children = (
				5BBEA20C1BE3415C005FDFC9 /* Base */,
			);
			name = LaunchScreen.storyboard;
			sourceTree = "<group>";
		};
/* End PBXVariantGroup section */

/* Begin XCBuildConfiguration section */
		5BBEA2251BE3415C005FDFC9 /* Debug */ = {
			isa = XCBuildConfiguration;
			buildSettings = {
				ALWAYS_SEARCH_USER_PATHS = NO;
				CLANG_CXX_LANGUAGE_STANDARD = "gnu++0x";
				CLANG_CXX_LIBRARY = "libc++";
				CLANG_ENABLE_MODULES = YES;
				CLANG_ENABLE_OBJC_ARC = YES;
				CLANG_WARN_BOOL_CONVERSION = YES;
				CLANG_WARN_CONSTANT_CONVERSION = YES;
				CLANG_WARN_DIRECT_OBJC_ISA_USAGE = YES_ERROR;
				CLANG_WARN_EMPTY_BODY = YES;
				CLANG_WARN_ENUM_CONVERSION = YES;
				CLANG_WARN_INT_CONVERSION = YES;
				CLANG_WARN_OBJC_ROOT_CLASS = YES_ERROR;
				CLANG_WARN_UNREACHABLE_CODE = YES;
				CLANG_WARN__DUPLICATE_METHOD_MATCH = YES;
				"CODE_SIGN_IDENTITY[sdk=iphoneos*]" = "iPhone Developer";
				COPY_PHASE_STRIP = NO;
				DEBUG_INFORMATION_FORMAT = dwarf;
				ENABLE_STRICT_OBJC_MSGSEND = YES;
				ENABLE_TESTABILITY = YES;
				GCC_C_LANGUAGE_STANDARD = gnu99;
				GCC_DYNAMIC_NO_PIC = NO;
				GCC_NO_COMMON_BLOCKS = YES;
				GCC_OPTIMIZATION_LEVEL = 0;
				GCC_PREPROCESSOR_DEFINITIONS = (
					"DEBUG=1",
					"$(inherited)",
				);
				GCC_WARN_64_TO_32_BIT_CONVERSION = YES;
				GCC_WARN_ABOUT_RETURN_TYPE = YES_ERROR;
				GCC_WARN_UNDECLARED_SELECTOR = YES;
				GCC_WARN_UNINITIALIZED_AUTOS = YES_AGGRESSIVE;
				GCC_WARN_UNUSED_FUNCTION = YES;
				GCC_WARN_UNUSED_VARIABLE = YES;
				IPHONEOS_DEPLOYMENT_TARGET = 9.0;
				MTL_ENABLE_DEBUG_INFO = YES;
				ONLY_ACTIVE_ARCH = YES;
				SDKROOT = iphoneos;
			};
			name = Debug;
		};
		5BBEA2261BE3415C005FDFC9 /* Release */ = {
			isa = XCBuildConfiguration;
			buildSettings = {
				ALWAYS_SEARCH_USER_PATHS = NO;
				CLANG_CXX_LANGUAGE_STANDARD = "gnu++0x";
				CLANG_CXX_LIBRARY = "libc++";
				CLANG_ENABLE_MODULES = YES;
				CLANG_ENABLE_OBJC_ARC = YES;
				CLANG_WARN_BOOL_CONVERSION = YES;
				CLANG_WARN_CONSTANT_CONVERSION = YES;
				CLANG_WARN_DIRECT_OBJC_ISA_USAGE = YES_ERROR;
				CLANG_WARN_EMPTY_BODY = YES;
				CLANG_WARN_ENUM_CONVERSION = YES;
				CLANG_WARN_INT_CONVERSION = YES;
				CLANG_WARN_OBJC_ROOT_CLASS = YES_ERROR;
				CLANG_WARN_UNREACHABLE_CODE = YES;
				CLANG_WARN__DUPLICATE_METHOD_MATCH = YES;
				"CODE_SIGN_IDENTITY[sdk=iphoneos*]" = "iPhone Developer";
				COPY_PHASE_STRIP = NO;
				DEBUG_INFORMATION_FORMAT = "dwarf-with-dsym";
				ENABLE_NS_ASSERTIONS = NO;
				ENABLE_STRICT_OBJC_MSGSEND = YES;
				GCC_C_LANGUAGE_STANDARD = gnu99;
				GCC_NO_COMMON_BLOCKS = YES;
				GCC_WARN_64_TO_32_BIT_CONVERSION = YES;
				GCC_WARN_ABOUT_RETURN_TYPE = YES_ERROR;
				GCC_WARN_UNDECLARED_SELECTOR = YES;
				GCC_WARN_UNINITIALIZED_AUTOS = YES_AGGRESSIVE;
				GCC_WARN_UNUSED_FUNCTION = YES;
				GCC_WARN_UNUSED_VARIABLE = YES;
				IPHONEOS_DEPLOYMENT_TARGET = 9.0;
				MTL_ENABLE_DEBUG_INFO = NO;
				SDKROOT = iphoneos;
				VALIDATE_PRODUCT = YES;
			};
			name = Release;
		};
		5BBEA2281BE3415C005FDFC9 /* Debug */ = {
			isa = XCBuildConfiguration;
			buildSettings = {
				ASSETCATALOG_COMPILER_APPICON_NAME = AppIcon;
				INFOPLIST_FILE = Spread/Info.plist;
				LD_RUNPATH_SEARCH_PATHS = "$(inherited) @executable_path/Frameworks";
				PRODUCT_BUNDLE_IDENTIFIER = CYW.Spread;
				PRODUCT_NAME = "$(TARGET_NAME)";
			};
			name = Debug;
		};
		5BBEA2291BE3415C005FDFC9 /* Release */ = {
			isa = XCBuildConfiguration;
			buildSettings = {
				ASSETCATALOG_COMPILER_APPICON_NAME = AppIcon;
				INFOPLIST_FILE = Spread/Info.plist;
				LD_RUNPATH_SEARCH_PATHS = "$(inherited) @executable_path/Frameworks";
				PRODUCT_BUNDLE_IDENTIFIER = CYW.Spread;
				PRODUCT_NAME = "$(TARGET_NAME)";
			};
			name = Release;
		};
		5BBEA22B1BE3415C005FDFC9 /* Debug */ = {
			isa = XCBuildConfiguration;
			buildSettings = {
				BUNDLE_LOADER = "$(TEST_HOST)";
				INFOPLIST_FILE = SpreadTests/Info.plist;
				LD_RUNPATH_SEARCH_PATHS = "$(inherited) @executable_path/Frameworks @loader_path/Frameworks";
				PRODUCT_BUNDLE_IDENTIFIER = CYW.SpreadTests;
				PRODUCT_NAME = "$(TARGET_NAME)";
				TEST_HOST = "$(BUILT_PRODUCTS_DIR)/Spread.app/Spread";
			};
			name = Debug;
		};
		5BBEA22C1BE3415C005FDFC9 /* Release */ = {
			isa = XCBuildConfiguration;
			buildSettings = {
				BUNDLE_LOADER = "$(TEST_HOST)";
				INFOPLIST_FILE = SpreadTests/Info.plist;
				LD_RUNPATH_SEARCH_PATHS = "$(inherited) @executable_path/Frameworks @loader_path/Frameworks";
				PRODUCT_BUNDLE_IDENTIFIER = CYW.SpreadTests;
				PRODUCT_NAME = "$(TARGET_NAME)";
				TEST_HOST = "$(BUILT_PRODUCTS_DIR)/Spread.app/Spread";
			};
			name = Release;
		};
		5BBEA22E1BE3415C005FDFC9 /* Debug */ = {
			isa = XCBuildConfiguration;
			buildSettings = {
				INFOPLIST_FILE = SpreadUITests/Info.plist;
				LD_RUNPATH_SEARCH_PATHS = "$(inherited) @executable_path/Frameworks @loader_path/Frameworks";
				PRODUCT_BUNDLE_IDENTIFIER = CYW.SpreadUITests;
				PRODUCT_NAME = "$(TARGET_NAME)";
				TEST_TARGET_NAME = Spread;
				USES_XCTRUNNER = YES;
			};
			name = Debug;
		};
		5BBEA22F1BE3415C005FDFC9 /* Release */ = {
			isa = XCBuildConfiguration;
			buildSettings = {
				INFOPLIST_FILE = SpreadUITests/Info.plist;
				LD_RUNPATH_SEARCH_PATHS = "$(inherited) @executable_path/Frameworks @loader_path/Frameworks";
				PRODUCT_BUNDLE_IDENTIFIER = CYW.SpreadUITests;
				PRODUCT_NAME = "$(TARGET_NAME)";
				TEST_TARGET_NAME = Spread;
				USES_XCTRUNNER = YES;
			};
			name = Release;
		};
/* End XCBuildConfiguration section */

/* Begin XCConfigurationList section */
		5BBEA1F51BE3415C005FDFC9 /* Build configuration list for PBXProject "Spread" */ = {
			isa = XCConfigurationList;
			buildConfigurations = (
				5BBEA2251BE3415C005FDFC9 /* Debug */,
				5BBEA2261BE3415C005FDFC9 /* Release */,
			);
			defaultConfigurationIsVisible = 0;
			defaultConfigurationName = Release;
		};
		5BBEA2271BE3415C005FDFC9 /* Build configuration list for PBXNativeTarget "Spread" */ = {
			isa = XCConfigurationList;
			buildConfigurations = (
				5BBEA2281BE3415C005FDFC9 /* Debug */,
				5BBEA2291BE3415C005FDFC9 /* Release */,
			);
			defaultConfigurationIsVisible = 0;
			defaultConfigurationName = Release;
		};
		5BBEA22A1BE3415C005FDFC9 /* Build configuration list for PBXNativeTarget "SpreadTests" */ = {
			isa = XCConfigurationList;
			buildConfigurations = (
				5BBEA22B1BE3415C005FDFC9 /* Debug */,
				5BBEA22C1BE3415C005FDFC9 /* Release */,
			);
			defaultConfigurationIsVisible = 0;
			defaultConfigurationName = Release;
		};
		5BBEA22D1BE3415C005FDFC9 /* Build configuration list for PBXNativeTarget "SpreadUITests" */ = {
			isa = XCConfigurationList;
			buildConfigurations = (
				5BBEA22E1BE3415C005FDFC9 /* Debug */,
				5BBEA22F1BE3415C005FDFC9 /* Release */,
			);
			defaultConfigurationIsVisible = 0;
			defaultConfigurationName = Release;
		};
/* End XCConfigurationList section */
	};
	rootObject = 5BBEA1F21BE3415C005FDFC9 /* Project object */;
}
